
Microsoft Visual Studio Solution File, Format Version 12.00
# Visual Studio 15
VisualStudioVersion = 15.0.27130.2024
MinimumVisualStudioVersion = 10.0.40219.1
Project("{FAE04EC0-301F-11D3-BF4B-00C04F79EFBC}") = "FizzBuzzProblem", "FizzBuzzProblem\FizzBuzzProblem.csproj", "{9EFE6B07-64B0-41DB-9C5D-67E70863803D}"
EndProject
Global
	GlobalSection(SolutionConfigurationPlatforms) = preSolution
		Debug|Any CPU = Debug|Any CPU
		Release|Any CPU = Release|Any CPU
	EndGlobalSection
	GlobalSection(ProjectConfigurationPlatforms) = postSolution
		{9EFE6B07-64B0-41DB-9C5D-67E70863803D}.Debug|Any CPU.ActiveCfg = Debug|Any CPU
		{9EFE6B07-64B0-41DB-9C5D-67E70863803D}.Debug|Any CPU.Build.0 = Debug|Any CPU
		{9EFE6B07-64B0-41DB-9C5D-67E70863803D}.Release|Any CPU.ActiveCfg = Release|Any CPU
		{9EFE6B07-64B0-41DB-9C5D-67E70863803D}.Release|Any CPU.Build.0 = Release|Any CPU
	EndGlobalSection
	GlobalSection(SolutionProperties) = preSolution
		HideSolutionNode = FALSE
	EndGlobalSection
	GlobalSection(ExtensibilityGlobals) = postSolution
		SolutionGuid = {0D24241B-7016-40F6-9AEF-1C8A718AC5AA}
	EndGlobalSection
EndGlobal
